
Microsoft Visual Studio Solution File, Format Version 12.00
# Visual Studio Version 17
VisualStudioVersion = 17.9.34701.34
MinimumVisualStudioVersion = 10.0.40219.1
Project("{FAE04EC0-301F-11D3-BF4B-00C04F79EFBC}") = "LibraryManagementSystem.Data", "LibraryManagementSystem.Data\LibraryManagementSystem.Data.csproj", "{3CA3069C-627D-4987-932A-34EBCB09259A}"
EndProject
Project("{FAE04EC0-301F-11D3-BF4B-00C04F79EFBC}") = "LibraryManagementSystem.Service", "LibraryManagementSystem.Service\LibraryManagementSystem.Service.csproj", "{2C7CCA5F-7D6B-43C1-8025-6B74EAA1F8DB}"
EndProject
Project("{FAE04EC0-301F-11D3-BF4B-00C04F79EFBC}") = "LibraryManagementSystem.DataTest", "LibraryManagementSystem.DataTest\LibraryManagementSystem.DataTest.csproj", "{75F0C46B-BDFC-45E8-9042-385B5AE927EC}"
EndProject
Project("{FAE04EC0-301F-11D3-BF4B-00C04F79EFBC}") = "LibraryManagementSystem.ServiceTests", "LibraryManagementSystem.ServiceTests\LibraryManagementSystem.ServiceTests.csproj", "{510C1831-07C2-4371-A7CE-E109C936ADBA}"
EndProject
Project("{FAE04EC0-301F-11D3-BF4B-00C04F79EFBC}") = "LibraryManagementSystem.Presentation", "LibraryManagementSystem.Presentation\LibraryManagementSystem.Presentation.csproj", "{DB04E8BE-A064-422F-A6B1-15A5190582B7}"
EndProject
Project("{FAE04EC0-301F-11D3-BF4B-00C04F79EFBC}") = "LibraryManagementSystem.ViewModelsTest", "LibraryManagementSystem.ViewModelsTest\LibraryManagementSystem.ViewModelsTest.csproj", "{AAEF50AC-9606-475F-B3BF-1D63A6C710EF}"
EndProject
Global
	GlobalSection(SolutionConfigurationPlatforms) = preSolution
		Debug|Any CPU = Debug|Any CPU
		Release|Any CPU = Release|Any CPU
	EndGlobalSection
	GlobalSection(ProjectConfigurationPlatforms) = postSolution
		{3CA3069C-627D-4987-932A-34EBCB09259A}.Debug|Any CPU.ActiveCfg = Debug|Any CPU
		{3CA3069C-627D-4987-932A-34EBCB09259A}.Debug|Any CPU.Build.0 = Debug|Any CPU
		{3CA3069C-627D-4987-932A-34EBCB09259A}.Release|Any CPU.ActiveCfg = Release|Any CPU
		{3CA3069C-627D-4987-932A-34EBCB09259A}.Release|Any CPU.Build.0 = Release|Any CPU
		{2C7CCA5F-7D6B-43C1-8025-6B74EAA1F8DB}.Debug|Any CPU.ActiveCfg = Debug|Any CPU
		{2C7CCA5F-7D6B-43C1-8025-6B74EAA1F8DB}.Debug|Any CPU.Build.0 = Debug|Any CPU
		{2C7CCA5F-7D6B-43C1-8025-6B74EAA1F8DB}.Release|Any CPU.ActiveCfg = Release|Any CPU
		{2C7CCA5F-7D6B-43C1-8025-6B74EAA1F8DB}.Release|Any CPU.Build.0 = Release|Any CPU
		{75F0C46B-BDFC-45E8-9042-385B5AE927EC}.Debug|Any CPU.ActiveCfg = Debug|Any CPU
		{75F0C46B-BDFC-45E8-9042-385B5AE927EC}.Debug|Any CPU.Build.0 = Debug|Any CPU
		{75F0C46B-BDFC-45E8-9042-385B5AE927EC}.Release|Any CPU.ActiveCfg = Release|Any CPU
		{75F0C46B-BDFC-45E8-9042-385B5AE927EC}.Release|Any CPU.Build.0 = Release|Any CPU
		{510C1831-07C2-4371-A7CE-E109C936ADBA}.Debug|Any CPU.ActiveCfg = Debug|Any CPU
		{510C1831-07C2-4371-A7CE-E109C936ADBA}.Debug|Any CPU.Build.0 = Debug|Any CPU
		{510C1831-07C2-4371-A7CE-E109C936ADBA}.Release|Any CPU.ActiveCfg = Release|Any CPU
		{510C1831-07C2-4371-A7CE-E109C936ADBA}.Release|Any CPU.Build.0 = Release|Any CPU
		{DB04E8BE-A064-422F-A6B1-15A5190582B7}.Debug|Any CPU.ActiveCfg = Debug|Any CPU
		{DB04E8BE-A064-422F-A6B1-15A5190582B7}.Debug|Any CPU.Build.0 = Debug|Any CPU
		{DB04E8BE-A064-422F-A6B1-15A5190582B7}.Release|Any CPU.ActiveCfg = Release|Any CPU
		{DB04E8BE-A064-422F-A6B1-15A5190582B7}.Release|Any CPU.Build.0 = Release|Any CPU
		{AAEF50AC-9606-475F-B3BF-1D63A6C710EF}.Debug|Any CPU.ActiveCfg = Debug|Any CPU
		{AAEF50AC-9606-475F-B3BF-1D63A6C710EF}.Debug|Any CPU.Build.0 = Debug|Any CPU
		{AAEF50AC-9606-475F-B3BF-1D63A6C710EF}.Release|Any CPU.ActiveCfg = Release|Any CPU
		{AAEF50AC-9606-475F-B3BF-1D63A6C710EF}.Release|Any CPU.Build.0 = Release|Any CPU
	EndGlobalSection
	GlobalSection(SolutionProperties) = preSolution
		HideSolutionNode = FALSE
	EndGlobalSection
	GlobalSection(ExtensibilityGlobals) = postSolution
		SolutionGuid = {2EE3E13D-4028-4904-BC53-D7C46748A2D1}
	EndGlobalSection
EndGlobal
